
Microsoft Visual Studio Solution File, Format Version 12.00
# Visual Studio Version 17
VisualStudioVersion = 17.2.32516.85
MinimumVisualStudioVersion = 10.0.40219.1
Project("{FAE04EC0-301F-11D3-BF4B-00C04F79EFBC}") = "LinkedList", "LinkedList\LinkedList.csproj", "{450381C3-796A-40F0-A1B7-7EF1A6DCF5CB}"
EndProject
Global
	GlobalSection(SolutionConfigurationPlatforms) = preSolution
		Debug|Any CPU = Debug|Any CPU
		Release|Any CPU = Release|Any CPU
	EndGlobalSection
	GlobalSection(ProjectConfigurationPlatforms) = postSolution
		{450381C3-796A-40F0-A1B7-7EF1A6DCF5CB}.Debug|Any CPU.ActiveCfg = Debug|Any CPU
		{450381C3-796A-40F0-A1B7-7EF1A6DCF5CB}.Debug|Any CPU.Build.0 = Debug|Any CPU
		{450381C3-796A-40F0-A1B7-7EF1A6DCF5CB}.Release|Any CPU.ActiveCfg = Release|Any CPU
		{450381C3-796A-40F0-A1B7-7EF1A6DCF5CB}.Release|Any CPU.Build.0 = Release|Any CPU
	EndGlobalSection
	GlobalSection(SolutionProperties) = preSolution
		HideSolutionNode = FALSE
	EndGlobalSection
	GlobalSection(ExtensibilityGlobals) = postSolution
		SolutionGuid = {314507EC-7BDD-4DF8-8AD6-9277DDB02C6D}
	EndGlobalSection
EndGlobal
